# This file is automatically @generated by Cargo.
# It is not intended for manual editing.
version = 4

[[package]]
name = "llm386-cli"
version = "0.1.0"

[[package]]
name = "llm386-core"
version = "0.1.0"

[[package]]
name = "llm386-packer"
version = "0.1.0"

[[package]]
name = "llm386-pager"
version = "0.1.0"

[[package]]
name = "llm386-store-lmdb"
version = "0.1.0"

[[package]]
name = "llm386-tokenizer"
version = "0.1.0"

[[package]]
name = "llm386-trace"
version = "0.1.0"
